{
  "name": "CheckInApp",
  "version": "0.0.1",
  "lockfileVersion": 1,
  "requires": true,
  "dependencies": {
    "@ionic/pro": {
      "version": "2.0.4",
      "resolved": "https://registry.npmjs.org/@ionic/pro/-/pro-2.0.4.tgz",
      "integrity": "sha512-8/tLniY1A2VUgphWvNzebm5hqZoaJTdQlPIReQHxFAAuwGyY+8aakLM1EhvXTC8a68J0mWSs2/wgepSWq1wNlw=="
    }
  }
}
